
Microsoft Visual Studio Solution File, Format Version 12.00
# Visual Studio Version 17
VisualStudioVersion = 17.8.34525.116
MinimumVisualStudioVersion = 10.0.40219.1
Project("{2150E333-8FDC-42A3-9474-1A3956D46DE8}") = "Source", "Source", "{F5C211D1-229A-437A-B04D-A43CA2E618C9}"
EndProject
Project("{2150E333-8FDC-42A3-9474-1A3956D46DE8}") = "Platforms", "Platforms", "{2A39CBC0-DD5F-4E57-BFB5-5256F72F6EB3}"
EndProject
Project("{2150E333-8FDC-42A3-9474-1A3956D46DE8}") = "Tests", "Tests", "{4EE5509A-8BDF-4877-9104-7F51B1A98C95}"
EndProject
Project("{9A19103F-16F7-4668-BE54-9A1E7A4F7556}") = "CircleApp.DataContracts", "CircleApp.DataContracts\CircleApp.DataContracts.csproj", "{D69928C9-80C5-4A49-BFB7-F7574FF49F88}"
EndProject
Project("{9A19103F-16F7-4668-BE54-9A1E7A4F7556}") = "CircleApp", "CircleApp\CircleApp.csproj", "{9DB59EA4-600F-4949-8344-381E28F40629}"
EndProject
Project("{9A19103F-16F7-4668-BE54-9A1E7A4F7556}") = "CircleApp.UITests", "CircleApp.UITests\CircleApp.UITests.csproj", "{05F134DF-7099-4649-B882-B8BB94613184}"
EndProject
Project("{9A19103F-16F7-4668-BE54-9A1E7A4F7556}") = "CircleApp.Tests", "CircleApp.Tests\CircleApp.Tests.csproj", "{17F73ACF-F5E9-4979-89CD-D3F4D9B7613D}"
EndProject
Project("{9A19103F-16F7-4668-BE54-9A1E7A4F7556}") = "CircleApp.Skia.Linux.FrameBuffer", "CircleApp.Skia.Linux.FrameBuffer\CircleApp.Skia.Linux.FrameBuffer.csproj", "{4BA24C8D-DFDB-4C8B-88E0-B6F4AD47BCFE}"
EndProject
Project("{9A19103F-16F7-4668-BE54-9A1E7A4F7556}") = "CircleApp.Skia.Wpf", "CircleApp.Skia.WPF\CircleApp.Skia.Wpf.csproj", "{4B6D0849-CD80-45DF-A0BE-29E4407366D3}"
EndProject
Project("{9A19103F-16F7-4668-BE54-9A1E7A4F7556}") = "CircleApp.Skia.Gtk", "CircleApp.Skia.Gtk\CircleApp.Skia.Gtk.csproj", "{79EBDD90-B808-4CF7-AB41-4F5ACD04FBC7}"
EndProject
Project("{9A19103F-16F7-4668-BE54-9A1E7A4F7556}") = "CircleApp.Wasm", "CircleApp.Wasm\CircleApp.Wasm.csproj", "{5A8D8916-3539-425B-9D49-BFD337603B6F}"
EndProject
Project("{9A19103F-16F7-4668-BE54-9A1E7A4F7556}") = "CircleApp.Windows", "CircleApp.Windows\CircleApp.Windows.csproj", "{85D463C5-80F4-4E5A-9850-EB3D069570B3}"
EndProject
Project("{9A19103F-16F7-4668-BE54-9A1E7A4F7556}") = "CircleApp.Mobile", "CircleApp.Mobile\CircleApp.Mobile.csproj", "{29B74E60-D913-4601-A16F-88D301717EFB}"
EndProject
Project("{9A19103F-16F7-4668-BE54-9A1E7A4F7556}") = "CircleApp.Shared", "CircleApp.Shared\CircleApp.Shared.csproj", "{005B95F4-A16D-4435-A1D0-B620E04AB422}"
EndProject
Project("{2150E333-8FDC-42A3-9474-1A3956D46DE8}") = "Solution Items", "Solution Items", "{66687409-22F2-448E-AC2A-21C4D224658D}"
	ProjectSection(SolutionItems) = preProject
		.gitignore = .gitignore
		bug.txt = bug.txt
		Directory.Build.props = Directory.Build.props
		Directory.Build.targets = Directory.Build.targets
		Directory.Packages.props = Directory.Packages.props
		solution-config.props = solution-config.props
	EndProjectSection
EndProject
Project("{9A19103F-16F7-4668-BE54-9A1E7A4F7556}") = "CommunityToolkit.WinUI.Controls.SettingsControls", "CommunityToolkit.WinUI.Controls.SettingsControls\CommunityToolkit.WinUI.Controls.SettingsControls.csproj", "{2BD40724-A4C5-4D9E-8264-A825A9659070}"
EndProject
Global
	GlobalSection(SolutionConfigurationPlatforms) = preSolution
		Debug|Any CPU = Debug|Any CPU
		Debug|arm64 = Debug|arm64
		Debug|x64 = Debug|x64
		Debug|x86 = Debug|x86
		Release|Any CPU = Release|Any CPU
		Release|arm64 = Release|arm64
		Release|x64 = Release|x64
		Release|x86 = Release|x86
	EndGlobalSection
	GlobalSection(ProjectConfigurationPlatforms) = postSolution
		{D69928C9-80C5-4A49-BFB7-F7574FF49F88}.Debug|Any CPU.ActiveCfg = Debug|Any CPU
		{D69928C9-80C5-4A49-BFB7-F7574FF49F88}.Debug|Any CPU.Build.0 = Debug|Any CPU
		{D69928C9-80C5-4A49-BFB7-F7574FF49F88}.Debug|arm64.ActiveCfg = Debug|Any CPU
		{D69928C9-80C5-4A49-BFB7-F7574FF49F88}.Debug|arm64.Build.0 = Debug|Any CPU
		{D69928C9-80C5-4A49-BFB7-F7574FF49F88}.Debug|x64.ActiveCfg = Debug|Any CPU
		{D69928C9-80C5-4A49-BFB7-F7574FF49F88}.Debug|x64.Build.0 = Debug|Any CPU
		{D69928C9-80C5-4A49-BFB7-F7574FF49F88}.Debug|x86.ActiveCfg = Debug|Any CPU
		{D69928C9-80C5-4A49-BFB7-F7574FF49F88}.Debug|x86.Build.0 = Debug|Any CPU
		{D69928C9-80C5-4A49-BFB7-F7574FF49F88}.Release|Any CPU.ActiveCfg = Release|Any CPU
		{D69928C9-80C5-4A49-BFB7-F7574FF49F88}.Release|Any CPU.Build.0 = Release|Any CPU
		{D69928C9-80C5-4A49-BFB7-F7574FF49F88}.Release|arm64.ActiveCfg = Release|Any CPU
		{D69928C9-80C5-4A49-BFB7-F7574FF49F88}.Release|arm64.Build.0 = Release|Any CPU
		{D69928C9-80C5-4A49-BFB7-F7574FF49F88}.Release|x64.ActiveCfg = Release|Any CPU
		{D69928C9-80C5-4A49-BFB7-F7574FF49F88}.Release|x64.Build.0 = Release|Any CPU
		{D69928C9-80C5-4A49-BFB7-F7574FF49F88}.Release|x86.ActiveCfg = Release|Any CPU
		{D69928C9-80C5-4A49-BFB7-F7574FF49F88}.Release|x86.Build.0 = Release|Any CPU
		{9DB59EA4-600F-4949-8344-381E28F40629}.Debug|Any CPU.ActiveCfg = Debug|Any CPU
		{9DB59EA4-600F-4949-8344-381E28F40629}.Debug|Any CPU.Build.0 = Debug|Any CPU
		{9DB59EA4-600F-4949-8344-381E28F40629}.Debug|arm64.ActiveCfg = Debug|Any CPU
		{9DB59EA4-600F-4949-8344-381E28F40629}.Debug|arm64.Build.0 = Debug|Any CPU
		{9DB59EA4-600F-4949-8344-381E28F40629}.Debug|x64.ActiveCfg = Debug|Any CPU
		{9DB59EA4-600F-4949-8344-381E28F40629}.Debug|x64.Build.0 = Debug|Any CPU
		{9DB59EA4-600F-4949-8344-381E28F40629}.Debug|x86.ActiveCfg = Debug|Any CPU
		{9DB59EA4-600F-4949-8344-381E28F40629}.Debug|x86.Build.0 = Debug|Any CPU
		{9DB59EA4-600F-4949-8344-381E28F40629}.Release|Any CPU.ActiveCfg = Release|Any CPU
		{9DB59EA4-600F-4949-8344-381E28F40629}.Release|Any CPU.Build.0 = Release|Any CPU
		{9DB59EA4-600F-4949-8344-381E28F40629}.Release|arm64.ActiveCfg = Release|Any CPU
		{9DB59EA4-600F-4949-8344-381E28F40629}.Release|arm64.Build.0 = Release|Any CPU
		{9DB59EA4-600F-4949-8344-381E28F40629}.Release|x64.ActiveCfg = Release|Any CPU
		{9DB59EA4-600F-4949-8344-381E28F40629}.Release|x64.Build.0 = Release|Any CPU
		{9DB59EA4-600F-4949-8344-381E28F40629}.Release|x86.ActiveCfg = Release|Any CPU
		{9DB59EA4-600F-4949-8344-381E28F40629}.Release|x86.Build.0 = Release|Any CPU
		{05F134DF-7099-4649-B882-B8BB94613184}.Debug|Any CPU.ActiveCfg = Debug|Any CPU
		{05F134DF-7099-4649-B882-B8BB94613184}.Debug|Any CPU.Build.0 = Debug|Any CPU
		{05F134DF-7099-4649-B882-B8BB94613184}.Debug|arm64.ActiveCfg = Debug|Any CPU
		{05F134DF-7099-4649-B882-B8BB94613184}.Debug|arm64.Build.0 = Debug|Any CPU
		{05F134DF-7099-4649-B882-B8BB94613184}.Debug|x64.ActiveCfg = Debug|Any CPU
		{05F134DF-7099-4649-B882-B8BB94613184}.Debug|x64.Build.0 = Debug|Any CPU
		{05F134DF-7099-4649-B882-B8BB94613184}.Debug|x86.ActiveCfg = Debug|Any CPU
		{05F134DF-7099-4649-B882-B8BB94613184}.Debug|x86.Build.0 = Debug|Any CPU
		{05F134DF-7099-4649-B882-B8BB94613184}.Release|Any CPU.ActiveCfg = Release|Any CPU
		{05F134DF-7099-4649-B882-B8BB94613184}.Release|Any CPU.Build.0 = Release|Any CPU
		{05F134DF-7099-4649-B882-B8BB94613184}.Release|arm64.ActiveCfg = Release|Any CPU
		{05F134DF-7099-4649-B882-B8BB94613184}.Release|arm64.Build.0 = Release|Any CPU
		{05F134DF-7099-4649-B882-B8BB94613184}.Release|x64.ActiveCfg = Release|Any CPU
		{05F134DF-7099-4649-B882-B8BB94613184}.Release|x64.Build.0 = Release|Any CPU
		{05F134DF-7099-4649-B882-B8BB94613184}.Release|x86.ActiveCfg = Release|Any CPU
		{05F134DF-7099-4649-B882-B8BB94613184}.Release|x86.Build.0 = Release|Any CPU
		{17F73ACF-F5E9-4979-89CD-D3F4D9B7613D}.Debug|Any CPU.ActiveCfg = Debug|Any CPU
		{17F73ACF-F5E9-4979-89CD-D3F4D9B7613D}.Debug|Any CPU.Build.0 = Debug|Any CPU
		{17F73ACF-F5E9-4979-89CD-D3F4D9B7613D}.Debug|arm64.ActiveCfg = Debug|Any CPU
		{17F73ACF-F5E9-4979-89CD-D3F4D9B7613D}.Debug|arm64.Build.0 = Debug|Any CPU
		{17F73ACF-F5E9-4979-89CD-D3F4D9B7613D}.Debug|x64.ActiveCfg = Debug|Any CPU
		{17F73ACF-F5E9-4979-89CD-D3F4D9B7613D}.Debug|x64.Build.0 = Debug|Any CPU
		{17F73ACF-F5E9-4979-89CD-D3F4D9B7613D}.Debug|x86.ActiveCfg = Debug|Any CPU
		{17F73ACF-F5E9-4979-89CD-D3F4D9B7613D}.Debug|x86.Build.0 = Debug|Any CPU
		{17F73ACF-F5E9-4979-89CD-D3F4D9B7613D}.Release|Any CPU.ActiveCfg = Release|Any CPU
		{17F73ACF-F5E9-4979-89CD-D3F4D9B7613D}.Release|Any CPU.Build.0 = Release|Any CPU
		{17F73ACF-F5E9-4979-89CD-D3F4D9B7613D}.Release|arm64.ActiveCfg = Release|Any CPU
		{17F73ACF-F5E9-4979-89CD-D3F4D9B7613D}.Release|arm64.Build.0 = Release|Any CPU
		{17F73ACF-F5E9-4979-89CD-D3F4D9B7613D}.Release|x64.ActiveCfg = Release|Any CPU
		{17F73ACF-F5E9-4979-89CD-D3F4D9B7613D}.Release|x64.Build.0 = Release|Any CPU
		{17F73ACF-F5E9-4979-89CD-D3F4D9B7613D}.Release|x86.ActiveCfg = Release|Any CPU
		{17F73ACF-F5E9-4979-89CD-D3F4D9B7613D}.Release|x86.Build.0 = Release|Any CPU
		{4BA24C8D-DFDB-4C8B-88E0-B6F4AD47BCFE}.Debug|Any CPU.ActiveCfg = Debug|Any CPU
		{4BA24C8D-DFDB-4C8B-88E0-B6F4AD47BCFE}.Debug|Any CPU.Build.0 = Debug|Any CPU
		{4BA24C8D-DFDB-4C8B-88E0-B6F4AD47BCFE}.Debug|arm64.ActiveCfg = Debug|Any CPU
		{4BA24C8D-DFDB-4C8B-88E0-B6F4AD47BCFE}.Debug|arm64.Build.0 = Debug|Any CPU
		{4BA24C8D-DFDB-4C8B-88E0-B6F4AD47BCFE}.Debug|x64.ActiveCfg = Debug|Any CPU
		{4BA24C8D-DFDB-4C8B-88E0-B6F4AD47BCFE}.Debug|x64.Build.0 = Debug|Any CPU
		{4BA24C8D-DFDB-4C8B-88E0-B6F4AD47BCFE}.Debug|x86.ActiveCfg = Debug|Any CPU
		{4BA24C8D-DFDB-4C8B-88E0-B6F4AD47BCFE}.Debug|x86.Build.0 = Debug|Any CPU
		{4BA24C8D-DFDB-4C8B-88E0-B6F4AD47BCFE}.Release|Any CPU.ActiveCfg = Release|Any CPU
		{4BA24C8D-DFDB-4C8B-88E0-B6F4AD47BCFE}.Release|Any CPU.Build.0 = Release|Any CPU
		{4BA24C8D-DFDB-4C8B-88E0-B6F4AD47BCFE}.Release|arm64.ActiveCfg = Release|Any CPU
		{4BA24C8D-DFDB-4C8B-88E0-B6F4AD47BCFE}.Release|arm64.Build.0 = Release|Any CPU
		{4BA24C8D-DFDB-4C8B-88E0-B6F4AD47BCFE}.Release|x64.ActiveCfg = Release|Any CPU
		{4BA24C8D-DFDB-4C8B-88E0-B6F4AD47BCFE}.Release|x64.Build.0 = Release|Any CPU
		{4BA24C8D-DFDB-4C8B-88E0-B6F4AD47BCFE}.Release|x86.ActiveCfg = Release|Any CPU
		{4BA24C8D-DFDB-4C8B-88E0-B6F4AD47BCFE}.Release|x86.Build.0 = Release|Any CPU
		{4B6D0849-CD80-45DF-A0BE-29E4407366D3}.Debug|Any CPU.ActiveCfg = Debug|Any CPU
		{4B6D0849-CD80-45DF-A0BE-29E4407366D3}.Debug|Any CPU.Build.0 = Debug|Any CPU
		{4B6D0849-CD80-45DF-A0BE-29E4407366D3}.Debug|arm64.ActiveCfg = Debug|Any CPU
		{4B6D0849-CD80-45DF-A0BE-29E4407366D3}.Debug|arm64.Build.0 = Debug|Any CPU
		{4B6D0849-CD80-45DF-A0BE-29E4407366D3}.Debug|x64.ActiveCfg = Debug|Any CPU
		{4B6D0849-CD80-45DF-A0BE-29E4407366D3}.Debug|x64.Build.0 = Debug|Any CPU
		{4B6D0849-CD80-45DF-A0BE-29E4407366D3}.Debug|x86.ActiveCfg = Debug|Any CPU
		{4B6D0849-CD80-45DF-A0BE-29E4407366D3}.Debug|x86.Build.0 = Debug|Any CPU
		{4B6D0849-CD80-45DF-A0BE-29E4407366D3}.Release|Any CPU.ActiveCfg = Release|Any CPU
		{4B6D0849-CD80-45DF-A0BE-29E4407366D3}.Release|Any CPU.Build.0 = Release|Any CPU
		{4B6D0849-CD80-45DF-A0BE-29E4407366D3}.Release|arm64.ActiveCfg = Release|Any CPU
		{4B6D0849-CD80-45DF-A0BE-29E4407366D3}.Release|arm64.Build.0 = Release|Any CPU
		{4B6D0849-CD80-45DF-A0BE-29E4407366D3}.Release|x64.ActiveCfg = Release|Any CPU
		{4B6D0849-CD80-45DF-A0BE-29E4407366D3}.Release|x64.Build.0 = Release|Any CPU
		{4B6D0849-CD80-45DF-A0BE-29E4407366D3}.Release|x86.ActiveCfg = Release|Any CPU
		{4B6D0849-CD80-45DF-A0BE-29E4407366D3}.Release|x86.Build.0 = Release|Any CPU
		{79EBDD90-B808-4CF7-AB41-4F5ACD04FBC7}.Debug|Any CPU.ActiveCfg = Debug|Any CPU
		{79EBDD90-B808-4CF7-AB41-4F5ACD04FBC7}.Debug|Any CPU.Build.0 = Debug|Any CPU
		{79EBDD90-B808-4CF7-AB41-4F5ACD04FBC7}.Debug|arm64.ActiveCfg = Debug|Any CPU
		{79EBDD90-B808-4CF7-AB41-4F5ACD04FBC7}.Debug|arm64.Build.0 = Debug|Any CPU
		{79EBDD90-B808-4CF7-AB41-4F5ACD04FBC7}.Debug|x64.ActiveCfg = Debug|Any CPU
		{79EBDD90-B808-4CF7-AB41-4F5ACD04FBC7}.Debug|x64.Build.0 = Debug|Any CPU
		{79EBDD90-B808-4CF7-AB41-4F5ACD04FBC7}.Debug|x86.ActiveCfg = Debug|Any CPU
		{79EBDD90-B808-4CF7-AB41-4F5ACD04FBC7}.Debug|x86.Build.0 = Debug|Any CPU
		{79EBDD90-B808-4CF7-AB41-4F5ACD04FBC7}.Release|Any CPU.ActiveCfg = Release|Any CPU
		{79EBDD90-B808-4CF7-AB41-4F5ACD04FBC7}.Release|Any CPU.Build.0 = Release|Any CPU
		{79EBDD90-B808-4CF7-AB41-4F5ACD04FBC7}.Release|arm64.ActiveCfg = Release|Any CPU
		{79EBDD90-B808-4CF7-AB41-4F5ACD04FBC7}.Release|arm64.Build.0 = Release|Any CPU
		{79EBDD90-B808-4CF7-AB41-4F5ACD04FBC7}.Release|x64.ActiveCfg = Release|Any CPU
		{79EBDD90-B808-4CF7-AB41-4F5ACD04FBC7}.Release|x64.Build.0 = Release|Any CPU
		{79EBDD90-B808-4CF7-AB41-4F5ACD04FBC7}.Release|x86.ActiveCfg = Release|Any CPU
		{79EBDD90-B808-4CF7-AB41-4F5ACD04FBC7}.Release|x86.Build.0 = Release|Any CPU
		{5A8D8916-3539-425B-9D49-BFD337603B6F}.Debug|Any CPU.ActiveCfg = Debug|Any CPU
		{5A8D8916-3539-425B-9D49-BFD337603B6F}.Debug|Any CPU.Build.0 = Debug|Any CPU
		{5A8D8916-3539-425B-9D49-BFD337603B6F}.Debug|arm64.ActiveCfg = Debug|Any CPU
		{5A8D8916-3539-425B-9D49-BFD337603B6F}.Debug|arm64.Build.0 = Debug|Any CPU
		{5A8D8916-3539-425B-9D49-BFD337603B6F}.Debug|x64.ActiveCfg = Debug|Any CPU
		{5A8D8916-3539-425B-9D49-BFD337603B6F}.Debug|x64.Build.0 = Debug|Any CPU
		{5A8D8916-3539-425B-9D49-BFD337603B6F}.Debug|x86.ActiveCfg = Debug|Any CPU
		{5A8D8916-3539-425B-9D49-BFD337603B6F}.Debug|x86.Build.0 = Debug|Any CPU
		{5A8D8916-3539-425B-9D49-BFD337603B6F}.Release|Any CPU.ActiveCfg = Release|Any CPU
		{5A8D8916-3539-425B-9D49-BFD337603B6F}.Release|Any CPU.Build.0 = Release|Any CPU
		{5A8D8916-3539-425B-9D49-BFD337603B6F}.Release|arm64.ActiveCfg = Release|Any CPU
		{5A8D8916-3539-425B-9D49-BFD337603B6F}.Release|arm64.Build.0 = Release|Any CPU
		{5A8D8916-3539-425B-9D49-BFD337603B6F}.Release|x64.ActiveCfg = Release|Any CPU
		{5A8D8916-3539-425B-9D49-BFD337603B6F}.Release|x64.Build.0 = Release|Any CPU
		{5A8D8916-3539-425B-9D49-BFD337603B6F}.Release|x86.ActiveCfg = Release|Any CPU
		{5A8D8916-3539-425B-9D49-BFD337603B6F}.Release|x86.Build.0 = Release|Any CPU
		{85D463C5-80F4-4E5A-9850-EB3D069570B3}.Debug|Any CPU.ActiveCfg = Debug|x64
		{85D463C5-80F4-4E5A-9850-EB3D069570B3}.Debug|Any CPU.Build.0 = Debug|x64
		{85D463C5-80F4-4E5A-9850-EB3D069570B3}.Debug|Any CPU.Deploy.0 = Debug|x64
		{85D463C5-80F4-4E5A-9850-EB3D069570B3}.Debug|arm64.ActiveCfg = Debug|arm64
		{85D463C5-80F4-4E5A-9850-EB3D069570B3}.Debug|arm64.Build.0 = Debug|arm64
		{85D463C5-80F4-4E5A-9850-EB3D069570B3}.Debug|arm64.Deploy.0 = Debug|arm64
		{85D463C5-80F4-4E5A-9850-EB3D069570B3}.Debug|x64.ActiveCfg = Debug|x64
		{85D463C5-80F4-4E5A-9850-EB3D069570B3}.Debug|x64.Build.0 = Debug|x64
		{85D463C5-80F4-4E5A-9850-EB3D069570B3}.Debug|x64.Deploy.0 = Debug|x64
		{85D463C5-80F4-4E5A-9850-EB3D069570B3}.Debug|x86.ActiveCfg = Debug|x86
		{85D463C5-80F4-4E5A-9850-EB3D069570B3}.Debug|x86.Build.0 = Debug|x86
		{85D463C5-80F4-4E5A-9850-EB3D069570B3}.Debug|x86.Deploy.0 = Debug|x86
		{85D463C5-80F4-4E5A-9850-EB3D069570B3}.Release|Any CPU.ActiveCfg = Release|x64
		{85D463C5-80F4-4E5A-9850-EB3D069570B3}.Release|Any CPU.Build.0 = Release|x64
		{85D463C5-80F4-4E5A-9850-EB3D069570B3}.Release|Any CPU.Deploy.0 = Release|x64
		{85D463C5-80F4-4E5A-9850-EB3D069570B3}.Release|arm64.ActiveCfg = Release|arm64
		{85D463C5-80F4-4E5A-9850-EB3D069570B3}.Release|arm64.Build.0 = Release|arm64
		{85D463C5-80F4-4E5A-9850-EB3D069570B3}.Release|arm64.Deploy.0 = Release|arm64
		{85D463C5-80F4-4E5A-9850-EB3D069570B3}.Release|x64.ActiveCfg = Release|x64
		{85D463C5-80F4-4E5A-9850-EB3D069570B3}.Release|x64.Build.0 = Release|x64
		{85D463C5-80F4-4E5A-9850-EB3D069570B3}.Release|x64.Deploy.0 = Release|x64
		{85D463C5-80F4-4E5A-9850-EB3D069570B3}.Release|x86.ActiveCfg = Release|x86
		{85D463C5-80F4-4E5A-9850-EB3D069570B3}.Release|x86.Build.0 = Release|x86
		{85D463C5-80F4-4E5A-9850-EB3D069570B3}.Release|x86.Deploy.0 = Release|x86
		{29B74E60-D913-4601-A16F-88D301717EFB}.Debug|Any CPU.ActiveCfg = Debug|Any CPU
		{29B74E60-D913-4601-A16F-88D301717EFB}.Debug|Any CPU.Build.0 = Debug|Any CPU
		{29B74E60-D913-4601-A16F-88D301717EFB}.Debug|Any CPU.Deploy.0 = Debug|Any CPU
		{29B74E60-D913-4601-A16F-88D301717EFB}.Debug|arm64.ActiveCfg = Debug|Any CPU
		{29B74E60-D913-4601-A16F-88D301717EFB}.Debug|arm64.Build.0 = Debug|Any CPU
		{29B74E60-D913-4601-A16F-88D301717EFB}.Debug|x64.ActiveCfg = Debug|Any CPU
		{29B74E60-D913-4601-A16F-88D301717EFB}.Debug|x64.Build.0 = Debug|Any CPU
		{29B74E60-D913-4601-A16F-88D301717EFB}.Debug|x86.ActiveCfg = Debug|Any CPU
		{29B74E60-D913-4601-A16F-88D301717EFB}.Debug|x86.Build.0 = Debug|Any CPU
		{29B74E60-D913-4601-A16F-88D301717EFB}.Release|Any CPU.ActiveCfg = Release|Any CPU
		{29B74E60-D913-4601-A16F-88D301717EFB}.Release|Any CPU.Build.0 = Release|Any CPU
		{29B74E60-D913-4601-A16F-88D301717EFB}.Release|Any CPU.Deploy.0 = Release|Any CPU
		{29B74E60-D913-4601-A16F-88D301717EFB}.Release|arm64.ActiveCfg = Release|Any CPU
		{29B74E60-D913-4601-A16F-88D301717EFB}.Release|arm64.Build.0 = Release|Any CPU
		{29B74E60-D913-4601-A16F-88D301717EFB}.Release|x64.ActiveCfg = Release|Any CPU
		{29B74E60-D913-4601-A16F-88D301717EFB}.Release|x64.Build.0 = Release|Any CPU
		{29B74E60-D913-4601-A16F-88D301717EFB}.Release|x86.ActiveCfg = Release|Any CPU
		{29B74E60-D913-4601-A16F-88D301717EFB}.Release|x86.Build.0 = Release|Any CPU
		{005B95F4-A16D-4435-A1D0-B620E04AB422}.Debug|Any CPU.ActiveCfg = Debug|Any CPU
		{005B95F4-A16D-4435-A1D0-B620E04AB422}.Debug|Any CPU.Build.0 = Debug|Any CPU
		{005B95F4-A16D-4435-A1D0-B620E04AB422}.Debug|arm64.ActiveCfg = Debug|Any CPU
		{005B95F4-A16D-4435-A1D0-B620E04AB422}.Debug|arm64.Build.0 = Debug|Any CPU
		{005B95F4-A16D-4435-A1D0-B620E04AB422}.Debug|x64.ActiveCfg = Debug|Any CPU
		{005B95F4-A16D-4435-A1D0-B620E04AB422}.Debug|x64.Build.0 = Debug|Any CPU
		{005B95F4-A16D-4435-A1D0-B620E04AB422}.Debug|x86.ActiveCfg = Debug|Any CPU
		{005B95F4-A16D-4435-A1D0-B620E04AB422}.Debug|x86.Build.0 = Debug|Any CPU
		{005B95F4-A16D-4435-A1D0-B620E04AB422}.Release|Any CPU.ActiveCfg = Release|Any CPU
		{005B95F4-A16D-4435-A1D0-B620E04AB422}.Release|Any CPU.Build.0 = Release|Any CPU
		{005B95F4-A16D-4435-A1D0-B620E04AB422}.Release|arm64.ActiveCfg = Release|Any CPU
		{005B95F4-A16D-4435-A1D0-B620E04AB422}.Release|arm64.Build.0 = Release|Any CPU
		{005B95F4-A16D-4435-A1D0-B620E04AB422}.Release|x64.ActiveCfg = Release|Any CPU
		{005B95F4-A16D-4435-A1D0-B620E04AB422}.Release|x64.Build.0 = Release|Any CPU
		{005B95F4-A16D-4435-A1D0-B620E04AB422}.Release|x86.ActiveCfg = Release|Any CPU
		{005B95F4-A16D-4435-A1D0-B620E04AB422}.Release|x86.Build.0 = Release|Any CPU
		{2BD40724-A4C5-4D9E-8264-A825A9659070}.Debug|Any CPU.ActiveCfg = Debug|Any CPU
		{2BD40724-A4C5-4D9E-8264-A825A9659070}.Debug|Any CPU.Build.0 = Debug|Any CPU
		{2BD40724-A4C5-4D9E-8264-A825A9659070}.Debug|arm64.ActiveCfg = Debug|Any CPU
		{2BD40724-A4C5-4D9E-8264-A825A9659070}.Debug|arm64.Build.0 = Debug|Any CPU
		{2BD40724-A4C5-4D9E-8264-A825A9659070}.Debug|x64.ActiveCfg = Debug|Any CPU
		{2BD40724-A4C5-4D9E-8264-A825A9659070}.Debug|x64.Build.0 = Debug|Any CPU
		{2BD40724-A4C5-4D9E-8264-A825A9659070}.Debug|x86.ActiveCfg = Debug|Any CPU
		{2BD40724-A4C5-4D9E-8264-A825A9659070}.Debug|x86.Build.0 = Debug|Any CPU
		{2BD40724-A4C5-4D9E-8264-A825A9659070}.Release|Any CPU.ActiveCfg = Release|Any CPU
		{2BD40724-A4C5-4D9E-8264-A825A9659070}.Release|Any CPU.Build.0 = Release|Any CPU
		{2BD40724-A4C5-4D9E-8264-A825A9659070}.Release|arm64.ActiveCfg = Release|Any CPU
		{2BD40724-A4C5-4D9E-8264-A825A9659070}.Release|arm64.Build.0 = Release|Any CPU
		{2BD40724-A4C5-4D9E-8264-A825A9659070}.Release|x64.ActiveCfg = Release|Any CPU
		{2BD40724-A4C5-4D9E-8264-A825A9659070}.Release|x64.Build.0 = Release|Any CPU
		{2BD40724-A4C5-4D9E-8264-A825A9659070}.Release|x86.ActiveCfg = Release|Any CPU
		{2BD40724-A4C5-4D9E-8264-A825A9659070}.Release|x86.Build.0 = Release|Any CPU
	EndGlobalSection
	GlobalSection(SolutionProperties) = preSolution
		HideSolutionNode = FALSE
	EndGlobalSection
	GlobalSection(NestedProjects) = preSolution
		{2A39CBC0-DD5F-4E57-BFB5-5256F72F6EB3} = {F5C211D1-229A-437A-B04D-A43CA2E618C9}
		{D69928C9-80C5-4A49-BFB7-F7574FF49F88} = {F5C211D1-229A-437A-B04D-A43CA2E618C9}
		{9DB59EA4-600F-4949-8344-381E28F40629} = {F5C211D1-229A-437A-B04D-A43CA2E618C9}
		{05F134DF-7099-4649-B882-B8BB94613184} = {4EE5509A-8BDF-4877-9104-7F51B1A98C95}
		{17F73ACF-F5E9-4979-89CD-D3F4D9B7613D} = {4EE5509A-8BDF-4877-9104-7F51B1A98C95}
		{4BA24C8D-DFDB-4C8B-88E0-B6F4AD47BCFE} = {2A39CBC0-DD5F-4E57-BFB5-5256F72F6EB3}
		{4B6D0849-CD80-45DF-A0BE-29E4407366D3} = {2A39CBC0-DD5F-4E57-BFB5-5256F72F6EB3}
		{79EBDD90-B808-4CF7-AB41-4F5ACD04FBC7} = {2A39CBC0-DD5F-4E57-BFB5-5256F72F6EB3}
		{5A8D8916-3539-425B-9D49-BFD337603B6F} = {2A39CBC0-DD5F-4E57-BFB5-5256F72F6EB3}
		{85D463C5-80F4-4E5A-9850-EB3D069570B3} = {2A39CBC0-DD5F-4E57-BFB5-5256F72F6EB3}
		{29B74E60-D913-4601-A16F-88D301717EFB} = {2A39CBC0-DD5F-4E57-BFB5-5256F72F6EB3}
		{005B95F4-A16D-4435-A1D0-B620E04AB422} = {2A39CBC0-DD5F-4E57-BFB5-5256F72F6EB3}
		{2BD40724-A4C5-4D9E-8264-A825A9659070} = {F5C211D1-229A-437A-B04D-A43CA2E618C9}
	EndGlobalSection
	GlobalSection(ExtensibilityGlobals) = postSolution
		SolutionGuid = {6668FD1D-8551-4D91-80D3-C5A6E2557625}
	EndGlobalSection
EndGlobal
